
Microsoft Visual Studio Solution File, Format Version 12.00
# Visual Studio 2013
VisualStudioVersion = 12.0.21005.1
MinimumVisualStudioVersion = 10.0.40219.1
Project("{8BC9CEB8-8B4A-11D0-8D11-00A0C91BC942}") = "test_8_23", "test_8_23\test_8_23.vcxproj", "{C447FF49-152C-4704-B9D1-9013F6F3D5F8}"
EndProject
Global
	GlobalSection(SolutionConfigurationPlatforms) = preSolution
		Debug|Win32 = Debug|Win32
		Release|Win32 = Release|Win32
	EndGlobalSection
	GlobalSection(ProjectConfigurationPlatforms) = postSolution
		{C447FF49-152C-4704-B9D1-9013F6F3D5F8}.Debug|Win32.ActiveCfg = Debug|Win32
		{C447FF49-152C-4704-B9D1-9013F6F3D5F8}.Debug|Win32.Build.0 = Debug|Win32
		{C447FF49-152C-4704-B9D1-9013F6F3D5F8}.Release|Win32.ActiveCfg = Release|Win32
		{C447FF49-152C-4704-B9D1-9013F6F3D5F8}.Release|Win32.Build.0 = Release|Win32
	EndGlobalSection
	GlobalSection(SolutionProperties) = preSolution
		HideSolutionNode = FALSE
	EndGlobalSection
EndGlobal
