
Microsoft Visual Studio Solution File, Format Version 12.00
# Visual Studio 2013
VisualStudioVersion = 12.0.21005.1
MinimumVisualStudioVersion = 10.0.40219.1
Project("{8BC9CEB8-8B4A-11D0-8D11-00A0C91BC942}") = "test_5_17", "test_5_17\test_5_17.vcxproj", "{FE0BDA36-48D9-477F-937E-2BB515C1AFFF}"
EndProject
Global
	GlobalSection(SolutionConfigurationPlatforms) = preSolution
		Debug|Win32 = Debug|Win32
		Release|Win32 = Release|Win32
	EndGlobalSection
	GlobalSection(ProjectConfigurationPlatforms) = postSolution
		{FE0BDA36-48D9-477F-937E-2BB515C1AFFF}.Debug|Win32.ActiveCfg = Debug|Win32
		{FE0BDA36-48D9-477F-937E-2BB515C1AFFF}.Debug|Win32.Build.0 = Debug|Win32
		{FE0BDA36-48D9-477F-937E-2BB515C1AFFF}.Release|Win32.ActiveCfg = Release|Win32
		{FE0BDA36-48D9-477F-937E-2BB515C1AFFF}.Release|Win32.Build.0 = Release|Win32
	EndGlobalSection
	GlobalSection(SolutionProperties) = preSolution
		HideSolutionNode = FALSE
	EndGlobalSection
EndGlobal
