
Microsoft Visual Studio Solution File, Format Version 12.00
# Visual Studio 2013
VisualStudioVersion = 12.0.21005.1
MinimumVisualStudioVersion = 10.0.40219.1
Project("{8BC9CEB8-8B4A-11D0-8D11-00A0C91BC942}") = "test_8_14", "test_8_14\test_8_14.vcxproj", "{C12DC4E0-DE88-40DB-BA71-39AA813904F2}"
EndProject
Global
	GlobalSection(SolutionConfigurationPlatforms) = preSolution
		Debug|Win32 = Debug|Win32
		Release|Win32 = Release|Win32
	EndGlobalSection
	GlobalSection(ProjectConfigurationPlatforms) = postSolution
		{C12DC4E0-DE88-40DB-BA71-39AA813904F2}.Debug|Win32.ActiveCfg = Debug|Win32
		{C12DC4E0-DE88-40DB-BA71-39AA813904F2}.Debug|Win32.Build.0 = Debug|Win32
		{C12DC4E0-DE88-40DB-BA71-39AA813904F2}.Release|Win32.ActiveCfg = Release|Win32
		{C12DC4E0-DE88-40DB-BA71-39AA813904F2}.Release|Win32.Build.0 = Release|Win32
	EndGlobalSection
	GlobalSection(SolutionProperties) = preSolution
		HideSolutionNode = FALSE
	EndGlobalSection
EndGlobal
